
Microsoft Visual Studio Solution File, Format Version 11.00
# Visual Studio 2010
Project("{FAE04EC0-301F-11D3-BF4B-00C04F79EFBC}") = "RoleEnvironmentProxy", "RoleEnvironmentProxy\RoleEnvironmentProxy.csproj", "{9C4A1EF7-BD19-4D17-AF32-2CE681962794}"
EndProject
Global
	GlobalSection(SolutionConfigurationPlatforms) = preSolution
		Debug|AnyCPU = Debug|AnyCPU
		Release|AnyCPU = Release|AnyCPU
	EndGlobalSection
	GlobalSection(ProjectConfigurationPlatforms) = postSolution
		{9C4A1EF7-BD19-4D17-AF32-2CE681962794}.Debug|AnyCPU.ActiveCfg = Debug|Any CPU
		{9C4A1EF7-BD19-4D17-AF32-2CE681962794}.Debug|AnyCPU.Build.0 = Debug|Any CPU
		{9C4A1EF7-BD19-4D17-AF32-2CE681962794}.Release|AnyCPU.ActiveCfg = Release|Any CPU
		{9C4A1EF7-BD19-4D17-AF32-2CE681962794}.Release|AnyCPU.Build.0 = Release|Any CPU
	EndGlobalSection
	GlobalSection(SolutionProperties) = preSolution
		HideSolutionNode = FALSE
	EndGlobalSection
EndGlobal
